
Microsoft Visual Studio Solution File, Format Version 12.00
# Visual Studio Version 17
VisualStudioVersion = 17.11.35327.3
MinimumVisualStudioVersion = 10.0.40219.1
Project("{9A19103F-16F7-4668-BE54-9A1E7A4F7556}") = "Server.WS", "Server.WS\Server.WS.csproj", "{8334D2E4-0B81-4553-8B36-ED3EED0D1D97}"
EndProject
Project("{9A19103F-16F7-4668-BE54-9A1E7A4F7556}") = "Server.Data", "Server.Data\Server.Data.csproj", "{D86214DD-0DCB-4D08-A338-4CB02751A772}"
EndProject
Project("{9A19103F-16F7-4668-BE54-9A1E7A4F7556}") = "Server.Services", "Server.Services\Server.Services.csproj", "{7AD2F2DB-350C-4D7E-A3CE-503AB26ACCB3}"
EndProject
Project("{9A19103F-16F7-4668-BE54-9A1E7A4F7556}") = "Server.Tests", "Server.Tests\Server.Tests.csproj", "{EC5BFD5C-3CD8-44EA-B14A-FD55987B3406}"
EndProject
Project("{2150E333-8FDC-42A3-9474-1A3956D46DE8}") = "Solution Items", "Solution Items", "{342A25EA-7A42-4D2D-81DD-63EE1EA59C72}"
	ProjectSection(SolutionItems) = preProject
		Dockerfile = Dockerfile
	EndProjectSection
EndProject
Global
	GlobalSection(SolutionConfigurationPlatforms) = preSolution
		Debug|Any CPU = Debug|Any CPU
		Release|Any CPU = Release|Any CPU
	EndGlobalSection
	GlobalSection(ProjectConfigurationPlatforms) = postSolution
		{8334D2E4-0B81-4553-8B36-ED3EED0D1D97}.Debug|Any CPU.ActiveCfg = Debug|Any CPU
		{8334D2E4-0B81-4553-8B36-ED3EED0D1D97}.Debug|Any CPU.Build.0 = Debug|Any CPU
		{8334D2E4-0B81-4553-8B36-ED3EED0D1D97}.Release|Any CPU.ActiveCfg = Release|Any CPU
		{8334D2E4-0B81-4553-8B36-ED3EED0D1D97}.Release|Any CPU.Build.0 = Release|Any CPU
		{D86214DD-0DCB-4D08-A338-4CB02751A772}.Debug|Any CPU.ActiveCfg = Debug|Any CPU
		{D86214DD-0DCB-4D08-A338-4CB02751A772}.Debug|Any CPU.Build.0 = Debug|Any CPU
		{D86214DD-0DCB-4D08-A338-4CB02751A772}.Release|Any CPU.ActiveCfg = Release|Any CPU
		{D86214DD-0DCB-4D08-A338-4CB02751A772}.Release|Any CPU.Build.0 = Release|Any CPU
		{7AD2F2DB-350C-4D7E-A3CE-503AB26ACCB3}.Debug|Any CPU.ActiveCfg = Debug|Any CPU
		{7AD2F2DB-350C-4D7E-A3CE-503AB26ACCB3}.Debug|Any CPU.Build.0 = Debug|Any CPU
		{7AD2F2DB-350C-4D7E-A3CE-503AB26ACCB3}.Release|Any CPU.ActiveCfg = Release|Any CPU
		{7AD2F2DB-350C-4D7E-A3CE-503AB26ACCB3}.Release|Any CPU.Build.0 = Release|Any CPU
		{EC5BFD5C-3CD8-44EA-B14A-FD55987B3406}.Debug|Any CPU.ActiveCfg = Debug|Any CPU
		{EC5BFD5C-3CD8-44EA-B14A-FD55987B3406}.Debug|Any CPU.Build.0 = Debug|Any CPU
		{EC5BFD5C-3CD8-44EA-B14A-FD55987B3406}.Release|Any CPU.ActiveCfg = Release|Any CPU
		{EC5BFD5C-3CD8-44EA-B14A-FD55987B3406}.Release|Any CPU.Build.0 = Release|Any CPU
	EndGlobalSection
	GlobalSection(SolutionProperties) = preSolution
		HideSolutionNode = FALSE
	EndGlobalSection
	GlobalSection(ExtensibilityGlobals) = postSolution
		SolutionGuid = {695D4C65-8370-474D-9412-FF8F1F877CA4}
	EndGlobalSection
EndGlobal
